// !$*UTF8*$!
{
	archiveVersion = 1;
	classes = {
	};
	objectVersion = 46;
	objects = {

/* Begin PBXBuildFile section */
		4B6DDDF71E51B2A900986862 /* main.m in Sources */ = {isa = PBXBuildFile; fileRef = 4B6DDDF61E51B2A900986862 /* main.m */; };
		4B6DDDFA1E51B2A900986862 /* AppDelegate.m in Sources */ = {isa = PBXBuildFile; fileRef = 4B6DDDF91E51B2A900986862 /* AppDelegate.m */; };
		4B6DDDFD1E51B2A900986862 /* ViewController.m in Sources */ = {isa = PBXBuildFile; fileRef = 4B6DDDFC1E51B2A900986862 /* ViewController.m */; };
		4B6DDE001E51B2A900986862 /* Main.storyboard in Resources */ = {isa = PBXBuildFile; fileRef = 4B6DDDFE1E51B2A900986862 /* Main.storyboard */; };
		4B6DDE021E51B2A900986862 /* Assets.xcassets in Resources */ = {isa = PBXBuildFile; fileRef = 4B6DDE011E51B2A900986862 /* Assets.xcassets */; };
		4B6DDE051E51B2A900986862 /* LaunchScreen.storyboard in Resources */ = {isa = PBXBuildFile; fileRef = 4B6DDE031E51B2A900986862 /* LaunchScreen.storyboard */; };
		4B6DDE101E51B2A900986862 /* RSVedioRecorderTests.m in Sources */ = {isa = PBXBuildFile; fileRef = 4B6DDE0F1E51B2A900986862 /* RSVedioRecorderTests.m */; };
		4B6DDE1B1E51B2A900986862 /* RSVedioRecorderUITests.m in Sources */ = {isa = PBXBuildFile; fileRef = 4B6DDE1A1E51B2A900986862 /* RSVedioRecorderUITests.m */; };
		4B6DDE2B1E51B3A400986862 /* RSVideoRecorderController.m in Sources */ = {isa = PBXBuildFile; fileRef = 4B6DDE2A1E51B3A400986862 /* RSVideoRecorderController.m */; };
		4B6DDE2D1E51C82600986862 /* RSVideoRecorderController.xib in Resources */ = {isa = PBXBuildFile; fileRef = 4B6DDE2C1E51C82600986862 /* RSVideoRecorderController.xib */; };
/* End PBXBuildFile section */

/* Begin PBXContainerItemProxy section */
		4B6DDE0C1E51B2A900986862 /* PBXContainerItemProxy */ = {
			isa = PBXContainerItemProxy;
			containerPortal = 4B6DDDEA1E51B2A800986862 /* Project object */;
			proxyType = 1;
			remoteGlobalIDString = 4B6DDDF11E51B2A900986862;
			remoteInfo = RSVedioRecorder;
		};
		4B6DDE171E51B2A900986862 /* PBXContainerItemProxy */ = {
			isa = PBXContainerItemProxy;
			containerPortal = 4B6DDDEA1E51B2A800986862 /* Project object */;
			proxyType = 1;
			remoteGlobalIDString = 4B6DDDF11E51B2A900986862;
			remoteInfo = RSVedioRecorder;
		};
/* End PBXContainerItemProxy section */

/* Begin PBXFileReference section */
		4B6DDDF21E51B2A900986862 /* RSVedioRecorder.app */ = {isa = PBXFileReference; explicitFileType = wrapper.application; includeInIndex = 0; path = RSVedioRecorder.app; sourceTree = BUILT_PRODUCTS_DIR; };
		4B6DDDF61E51B2A900986862 /* main.m */ = {isa = PBXFileReference; lastKnownFileType = sourcecode.c.objc; path = main.m; sourceTree = "<group>"; };
		4B6DDDF81E51B2A900986862 /* AppDelegate.h */ = {isa = PBXFileReference; lastKnownFileType = sourcecode.c.h; path = AppDelegate.h; sourceTree = "<group>"; };
		4B6DDDF91E51B2A900986862 /* AppDelegate.m */ = {isa = PBXFileReference; lastKnownFileType = sourcecode.c.objc; path = AppDelegate.m; sourceTree = "<group>"; };
		4B6DDDFB1E51B2A900986862 /* ViewController.h */ = {isa = PBXFileReference; lastKnownFileType = sourcecode.c.h; path = ViewController.h; sourceTree = "<group>"; };
		4B6DDDFC1E51B2A900986862 /* ViewController.m */ = {isa = PBXFileReference; lastKnownFileType = sourcecode.c.objc; path = ViewController.m; sourceTree = "<group>"; };
		4B6DDDFF1E51B2A900986862 /* Base */ = {isa = PBXFileReference; lastKnownFileType = file.storyboard; name = Base; path = Base.lproj/Main.storyboard; sourceTree = "<group>"; };
		4B6DDE011E51B2A900986862 /* Assets.xcassets */ = {isa = PBXFileReference; lastKnownFileType = folder.assetcatalog; path = Assets.xcassets; sourceTree = "<group>"; };
		4B6DDE041E51B2A900986862 /* Base */ = {isa = PBXFileReference; lastKnownFileType = file.storyboard; name = Base; path = Base.lproj/LaunchScreen.storyboard; sourceTree = "<group>"; };
		4B6DDE061E51B2A900986862 /* Info.plist */ = {isa = PBXFileReference; lastKnownFileType = text.plist.xml; path = Info.plist; sourceTree = "<group>"; };
		4B6DDE0B1E51B2A900986862 /* RSVedioRecorderTests.xctest */ = {isa = PBXFileReference; explicitFileType = wrapper.cfbundle; includeInIndex = 0; path = RSVedioRecorderTests.xctest; sourceTree = BUILT_PRODUCTS_DIR; };
		4B6DDE0F1E51B2A900986862 /* RSVedioRecorderTests.m */ = {isa = PBXFileReference; lastKnownFileType = sourcecode.c.objc; path = RSVedioRecorderTests.m; sourceTree = "<group>"; };
		4B6DDE111E51B2A900986862 /* Info.plist */ = {isa = PBXFileReference; lastKnownFileType = text.plist.xml; path = Info.plist; sourceTree = "<group>"; };
		4B6DDE161E51B2A900986862 /* RSVedioRecorderUITests.xctest */ = {isa = PBXFileReference; explicitFileType = wrapper.cfbundle; includeInIndex = 0; path = RSVedioRecorderUITests.xctest; sourceTree = BUILT_PRODUCTS_DIR; };
		4B6DDE1A1E51B2A900986862 /* RSVedioRecorderUITests.m */ = {isa = PBXFileReference; lastKnownFileType = sourcecode.c.objc; path = RSVedioRecorderUITests.m; sourceTree = "<group>"; };
		4B6DDE1C1E51B2A900986862 /* Info.plist */ = {isa = PBXFileReference; lastKnownFileType = text.plist.xml; path = Info.plist; sourceTree = "<group>"; };
		4B6DDE291E51B3A400986862 /* RSVideoRecorderController.h */ = {isa = PBXFileReference; fileEncoding = 4; lastKnownFileType = sourcecode.c.h; path = RSVideoRecorderController.h; sourceTree = "<group>"; };
		4B6DDE2A1E51B3A400986862 /* RSVideoRecorderController.m */ = {isa = PBXFileReference; fileEncoding = 4; lastKnownFileType = sourcecode.c.objc; path = RSVideoRecorderController.m; sourceTree = "<group>"; };
		4B6DDE2C1E51C82600986862 /* RSVideoRecorderController.xib */ = {isa = PBXFileReference; fileEncoding = 4; lastKnownFileType = file.xib; path = RSVideoRecorderController.xib; sourceTree = "<group>"; };
/* End PBXFileReference section */

/* Begin PBXFrameworksBuildPhase section */
		4B6DDDEF1E51B2A900986862 /* Frameworks */ = {
			isa = PBXFrameworksBuildPhase;
			buildActionMask = 2147483647;
			files = (
			);
			runOnlyForDeploymentPostprocessing = 0;
		};
		4B6DDE081E51B2A900986862 /* Frameworks */ = {
			isa = PBXFrameworksBuildPhase;
			buildActionMask = 2147483647;
			files = (
			);
			runOnlyForDeploymentPostprocessing = 0;
		};
		4B6DDE131E51B2A900986862 /* Frameworks */ = {
			isa = PBXFrameworksBuildPhase;
			buildActionMask = 2147483647;
			files = (
			);
			runOnlyForDeploymentPostprocessing = 0;
		};
/* End PBXFrameworksBuildPhase section */

/* Begin PBXGroup section */
		4B6DDDE91E51B2A800986862 = {
			isa = PBXGroup;
			children = (
				4B6DDDF41E51B2A900986862 /* RSVedioRecorder */,
				4B6DDE0E1E51B2A900986862 /* RSVedioRecorderTests */,
				4B6DDE191E51B2A900986862 /* RSVedioRecorderUITests */,
				4B6DDDF31E51B2A900986862 /* Products */,
			);
			sourceTree = "<group>";
		};
		4B6DDDF31E51B2A900986862 /* Products */ = {
			isa = PBXGroup;
			children = (
				4B6DDDF21E51B2A900986862 /* RSVedioRecorder.app */,
				4B6DDE0B1E51B2A900986862 /* RSVedioRecorderTests.xctest */,
				4B6DDE161E51B2A900986862 /* RSVedioRecorderUITests.xctest */,
			);
			name = Products;
			sourceTree = "<group>";
		};
		4B6DDDF41E51B2A900986862 /* RSVedioRecorder */ = {
			isa = PBXGroup;
			children = (
				4B6DDE281E51B37600986862 /* RSVidioRecorder */,
				4B6DDDF81E51B2A900986862 /* AppDelegate.h */,
				4B6DDDF91E51B2A900986862 /* AppDelegate.m */,
				4B6DDDFB1E51B2A900986862 /* ViewController.h */,
				4B6DDDFC1E51B2A900986862 /* ViewController.m */,
				4B6DDDFE1E51B2A900986862 /* Main.storyboard */,
				4B6DDE011E51B2A900986862 /* Assets.xcassets */,
				4B6DDE031E51B2A900986862 /* LaunchScreen.storyboard */,
				4B6DDE061E51B2A900986862 /* Info.plist */,
				4B6DDDF51E51B2A900986862 /* Supporting Files */,
			);
			path = RSVedioRecorder;
			sourceTree = "<group>";
		};
		4B6DDDF51E51B2A900986862 /* Supporting Files */ = {
			isa = PBXGroup;
			children = (
				4B6DDDF61E51B2A900986862 /* main.m */,
			);
			name = "Supporting Files";
			sourceTree = "<group>";
		};
		4B6DDE0E1E51B2A900986862 /* RSVedioRecorderTests */ = {
			isa = PBXGroup;
			children = (
				4B6DDE0F1E51B2A900986862 /* RSVedioRecorderTests.m */,
				4B6DDE111E51B2A900986862 /* Info.plist */,
			);
			path = RSVedioRecorderTests;
			sourceTree = "<group>";
		};
		4B6DDE191E51B2A900986862 /* RSVedioRecorderUITests */ = {
			isa = PBXGroup;
			children = (
				4B6DDE1A1E51B2A900986862 /* RSVedioRecorderUITests.m */,
				4B6DDE1C1E51B2A900986862 /* Info.plist */,
			);
			path = RSVedioRecorderUITests;
			sourceTree = "<group>";
		};
		4B6DDE281E51B37600986862 /* RSVidioRecorder */ = {
			isa = PBXGroup;
			children = (
				4B6DDE291E51B3A400986862 /* RSVideoRecorderController.h */,
				4B6DDE2A1E51B3A400986862 /* RSVideoRecorderController.m */,
				4B6DDE2C1E51C82600986862 /* RSVideoRecorderController.xib */,
			);
			path = RSVidioRecorder;
			sourceTree = "<group>";
		};
/* End PBXGroup section */

/* Begin PBXNativeTarget section */
		4B6DDDF11E51B2A900986862 /* RSVedioRecorder */ = {
			isa = PBXNativeTarget;
			buildConfigurationList = 4B6DDE1F1E51B2A900986862 /* Build configuration list for PBXNativeTarget "RSVedioRecorder" */;
			buildPhases = (
				4B6DDDEE1E51B2A900986862 /* Sources */,
				4B6DDDEF1E51B2A900986862 /* Frameworks */,
				4B6DDDF01E51B2A900986862 /* Resources */,
			);
			buildRules = (
			);
			dependencies = (
			);
			name = RSVedioRecorder;
			productName = RSVedioRecorder;
			productReference = 4B6DDDF21E51B2A900986862 /* RSVedioRecorder.app */;
			productType = "com.apple.product-type.application";
		};
		4B6DDE0A1E51B2A900986862 /* RSVedioRecorderTests */ = {
			isa = PBXNativeTarget;
			buildConfigurationList = 4B6DDE221E51B2A900986862 /* Build configuration list for PBXNativeTarget "RSVedioRecorderTests" */;
			buildPhases = (
				4B6DDE071E51B2A900986862 /* Sources */,
				4B6DDE081E51B2A900986862 /* Frameworks */,
				4B6DDE091E51B2A900986862 /* Resources */,
			);
			buildRules = (
			);
			dependencies = (
				4B6DDE0D1E51B2A900986862 /* PBXTargetDependency */,
			);
			name = RSVedioRecorderTests;
			productName = RSVedioRecorderTests;
			productReference = 4B6DDE0B1E51B2A900986862 /* RSVedioRecorderTests.xctest */;
			productType = "com.apple.product-type.bundle.unit-test";
		};
		4B6DDE151E51B2A900986862 /* RSVedioRecorderUITests */ = {
			isa = PBXNativeTarget;
			buildConfigurationList = 4B6DDE251E51B2A900986862 /* Build configuration list for PBXNativeTarget "RSVedioRecorderUITests" */;
			buildPhases = (
				4B6DDE121E51B2A900986862 /* Sources */,
				4B6DDE131E51B2A900986862 /* Frameworks */,
				4B6DDE141E51B2A900986862 /* Resources */,
			);
			buildRules = (
			);
			dependencies = (
				4B6DDE181E51B2A900986862 /* PBXTargetDependency */,
			);
			name = RSVedioRecorderUITests;
			productName = RSVedioRecorderUITests;
			productReference = 4B6DDE161E51B2A900986862 /* RSVedioRecorderUITests.xctest */;
			productType = "com.apple.product-type.bundle.ui-testing";
		};
/* End PBXNativeTarget section */

/* Begin PBXProject section */
		4B6DDDEA1E51B2A800986862 /* Project object */ = {
			isa = PBXProject;
			attributes = {
				LastUpgradeCheck = 0820;
				ORGANIZATIONNAME = Rahul;
				TargetAttributes = {
					4B6DDDF11E51B2A900986862 = {
						CreatedOnToolsVersion = 8.2;
						DevelopmentTeam = TRJ8UUB67F;
						ProvisioningStyle = Automatic;
					};
					4B6DDE0A1E51B2A900986862 = {
						CreatedOnToolsVersion = 8.2;
						ProvisioningStyle = Automatic;
						TestTargetID = 4B6DDDF11E51B2A900986862;
					};
					4B6DDE151E51B2A900986862 = {
						CreatedOnToolsVersion = 8.2;
						ProvisioningStyle = Automatic;
						TestTargetID = 4B6DDDF11E51B2A900986862;
					};
				};
			};
			buildConfigurationList = 4B6DDDED1E51B2A800986862 /* Build configuration list for PBXProject "RSVedioRecorder" */;
			compatibilityVersion = "Xcode 3.2";
			developmentRegion = English;
			hasScannedForEncodings = 0;
			knownRegions = (
				en,
				Base,
			);
			mainGroup = 4B6DDDE91E51B2A800986862;
			productRefGroup = 4B6DDDF31E51B2A900986862 /* Products */;
			projectDirPath = "";
			projectRoot = "";
			targets = (
				4B6DDDF11E51B2A900986862 /* RSVedioRecorder */,
				4B6DDE0A1E51B2A900986862 /* RSVedioRecorderTests */,
				4B6DDE151E51B2A900986862 /* RSVedioRecorderUITests */,
			);
		};
/* End PBXProject section */

/* Begin PBXResourcesBuildPhase section */
		4B6DDDF01E51B2A900986862 /* Resources */ = {
			isa = PBXResourcesBuildPhase;
			buildActionMask = 2147483647;
			files = (
				4B6DDE2D1E51C82600986862 /* RSVideoRecorderController.xib in Resources */,
				4B6DDE051E51B2A900986862 /* LaunchScreen.storyboard in Resources */,
				4B6DDE021E51B2A900986862 /* Assets.xcassets in Resources */,
				4B6DDE001E51B2A900986862 /* Main.storyboard in Resources */,
			);
			runOnlyForDeploymentPostprocessing = 0;
		};
		4B6DDE091E51B2A900986862 /* Resources */ = {
			isa = PBXResourcesBuildPhase;
			buildActionMask = 2147483647;
			files = (
			);
			runOnlyForDeploymentPostprocessing = 0;
		};
		4B6DDE141E51B2A900986862 /* Resources */ = {
			isa = PBXResourcesBuildPhase;
			buildActionMask = 2147483647;
			files = (
			);
			runOnlyForDeploymentPostprocessing = 0;
		};
/* End PBXResourcesBuildPhase section */

/* Begin PBXSourcesBuildPhase section */
		4B6DDDEE1E51B2A900986862 /* Sources */ = {
			isa = PBXSourcesBuildPhase;
			buildActionMask = 2147483647;
			files = (
				4B6DDDFD1E51B2A900986862 /* ViewController.m in Sources */,
				4B6DDE2B1E51B3A400986862 /* RSVideoRecorderController.m in Sources */,
				4B6DDDFA1E51B2A900986862 /* AppDelegate.m in Sources */,
				4B6DDDF71E51B2A900986862 /* main.m in Sources */,
			);
			runOnlyForDeploymentPostprocessing = 0;
		};
		4B6DDE071E51B2A900986862 /* Sources */ = {
			isa = PBXSourcesBuildPhase;
			buildActionMask = 2147483647;
			files = (
				4B6DDE101E51B2A900986862 /* RSVedioRecorderTests.m in Sources */,
			);
			runOnlyForDeploymentPostprocessing = 0;
		};
		4B6DDE121E51B2A900986862 /* Sources */ = {
			isa = PBXSourcesBuildPhase;
			buildActionMask = 2147483647;
			files = (
				4B6DDE1B1E51B2A900986862 /* RSVedioRecorderUITests.m in Sources */,
			);
			runOnlyForDeploymentPostprocessing = 0;
		};
/* End PBXSourcesBuildPhase section */

/* Begin PBXTargetDependency section */
		4B6DDE0D1E51B2A900986862 /* PBXTargetDependency */ = {
			isa = PBXTargetDependency;
			target = 4B6DDDF11E51B2A900986862 /* RSVedioRecorder */;
			targetProxy = 4B6DDE0C1E51B2A900986862 /* PBXContainerItemProxy */;
		};
		4B6DDE181E51B2A900986862 /* PBXTargetDependency */ = {
			isa = PBXTargetDependency;
			target = 4B6DDDF11E51B2A900986862 /* RSVedioRecorder */;
			targetProxy = 4B6DDE171E51B2A900986862 /* PBXContainerItemProxy */;
		};
/* End PBXTargetDependency section */

/* Begin PBXVariantGroup section */
		4B6DDDFE1E51B2A900986862 /* Main.storyboard */ = {
			isa = PBXVariantGroup;
			children = (
				4B6DDDFF1E51B2A900986862 /* Base */,
			);
			name = Main.storyboard;
			sourceTree = "<group>";
		};
		4B6DDE031E51B2A900986862 /* LaunchScreen.storyboard */ = {
			isa = PBXVariantGroup;
			children = (
				4B6DDE041E51B2A900986862 /* Base */,
			);
			name = LaunchScreen.storyboard;
			sourceTree = "<group>";
		};
/* End PBXVariantGroup section */

/* Begin XCBuildConfiguration section */
		4B6DDE1D1E51B2A900986862 /* Debug */ = {
			isa = XCBuildConfiguration;
			buildSettings = {
				ALWAYS_SEARCH_USER_PATHS = NO;
				CLANG_ANALYZER_NONNULL = YES;
				CLANG_CXX_LANGUAGE_STANDARD = "gnu++0x";
				CLANG_CXX_LIBRARY = "libc++";
				CLANG_ENABLE_MODULES = YES;
				CLANG_ENABLE_OBJC_ARC = YES;
				CLANG_WARN_BOOL_CONVERSION = YES;
				CLANG_WARN_CONSTANT_CONVERSION = YES;
				CLANG_WARN_DIRECT_OBJC_ISA_USAGE = YES_ERROR;
				CLANG_WARN_DOCUMENTATION_COMMENTS = YES;
				CLANG_WARN_EMPTY_BODY = YES;
				CLANG_WARN_ENUM_CONVERSION = YES;
				CLANG_WARN_INFINITE_RECURSION = YES;
				CLANG_WARN_INT_CONVERSION = YES;
				CLANG_WARN_OBJC_ROOT_CLASS = YES_ERROR;
				CLANG_WARN_SUSPICIOUS_MOVE = YES;
				CLANG_WARN_UNREACHABLE_CODE = YES;
				CLANG_WARN__DUPLICATE_METHOD_MATCH = YES;
				CODE_SIGN_IDENTITY = Available;
				"CODE_SIGN_IDENTITY[sdk=iphoneos*]" = "iPhone Developer";
				COPY_PHASE_STRIP = NO;
				DEBUG_INFORMATION_FORMAT = dwarf;
				ENABLE_STRICT_OBJC_MSGSEND = YES;
				ENABLE_TESTABILITY = YES;
				GCC_C_LANGUAGE_STANDARD = gnu99;
				GCC_DYNAMIC_NO_PIC = NO;
				GCC_NO_COMMON_BLOCKS = YES;
				GCC_OPTIMIZATION_LEVEL = 0;
				GCC_PREPROCESSOR_DEFINITIONS = (
					"DEBUG=1",
					"$(inherited)",
				);
				GCC_WARN_64_TO_32_BIT_CONVERSION = YES;
				GCC_WARN_ABOUT_RETURN_TYPE = YES_ERROR;
				GCC_WARN_UNDECLARED_SELECTOR = YES;
				GCC_WARN_UNINITIALIZED_AUTOS = YES_AGGRESSIVE;
				GCC_WARN_UNUSED_FUNCTION = YES;
				GCC_WARN_UNUSED_VARIABLE = YES;
				IPHONEOS_DEPLOYMENT_TARGET = 6.1;
				MTL_ENABLE_DEBUG_INFO = YES;
				ONLY_ACTIVE_ARCH = YES;
				SDKROOT = iphoneos;
			};
			name = Debug;
		};
		4B6DDE1E1E51B2A900986862 /* Release */ = {
			isa = XCBuildConfiguration;
			buildSettings = {
				ALWAYS_SEARCH_USER_PATHS = NO;
				CLANG_ANALYZER_NONNULL = YES;
				CLANG_CXX_LANGUAGE_STANDARD = "gnu++0x";
				CLANG_CXX_LIBRARY = "libc++";
				CLANG_ENABLE_MODULES = YES;
				CLANG_ENABLE_OBJC_ARC = YES;
				CLANG_WARN_BOOL_CONVERSION = YES;
				CLANG_WARN_CONSTANT_CONVERSION = YES;
				CLANG_WARN_DIRECT_OBJC_ISA_USAGE = YES_ERROR;
				CLANG_WARN_DOCUMENTATION_COMMENTS = YES;
				CLANG_WARN_EMPTY_BODY = YES;
				CLANG_WARN_ENUM_CONVERSION = YES;
				CLANG_WARN_INFINITE_RECURSION = YES;
				CLANG_WARN_INT_CONVERSION = YES;
				CLANG_WARN_OBJC_ROOT_CLASS = YES_ERROR;
				CLANG_WARN_SUSPICIOUS_MOVE = YES;
				CLANG_WARN_UNREACHABLE_CODE = YES;
				CLANG_WARN__DUPLICATE_METHOD_MATCH = YES;
				CODE_SIGN_IDENTITY = Available;
				"CODE_SIGN_IDENTITY[sdk=iphoneos*]" = "iPhone Developer";
				COPY_PHASE_STRIP = NO;
				DEBUG_INFORMATION_FORMAT = "dwarf-with-dsym";
				ENABLE_NS_ASSERTIONS = NO;
				ENABLE_STRICT_OBJC_MSGSEND = YES;
				GCC_C_LANGUAGE_STANDARD = gnu99;
				GCC_NO_COMMON_BLOCKS = YES;
				GCC_WARN_64_TO_32_BIT_CONVERSION = YES;
				GCC_WARN_ABOUT_RETURN_TYPE = YES_ERROR;
				GCC_WARN_UNDECLARED_SELECTOR = YES;
				GCC_WARN_UNINITIALIZED_AUTOS = YES_AGGRESSIVE;
				GCC_WARN_UNUSED_FUNCTION = YES;
				GCC_WARN_UNUSED_VARIABLE = YES;
				IPHONEOS_DEPLOYMENT_TARGET = 6.1;
				MTL_ENABLE_DEBUG_INFO = NO;
				SDKROOT = iphoneos;
				VALIDATE_PRODUCT = YES;
			};
			name = Release;
		};
		4B6DDE201E51B2A900986862 /* Debug */ = {
			isa = XCBuildConfiguration;
			buildSettings = {
				ASSETCATALOG_COMPILER_APPICON_NAME = AppIcon;
				CODE_SIGN_IDENTITY = Availabel;
				"CODE_SIGN_IDENTITY[sdk=iphoneos*]" = "iPhone Developer";
				DEVELOPMENT_TEAM = TRJ8UUB67F;
				INFOPLIST_FILE = RSVedioRecorder/Info.plist;
				IPHONEOS_DEPLOYMENT_TARGET = 6.1;
				LD_RUNPATH_SEARCH_PATHS = "$(inherited) @executable_path/Frameworks";
				PRODUCT_BUNDLE_IDENTIFIER = com.spaceodigicom.instamemegram;
				PRODUCT_NAME = "$(TARGET_NAME)";
				PROVISIONING_PROFILE = "";
				PROVISIONING_PROFILE_SPECIFIER = "";
				VERSIONING_SYSTEM = "";
			};
			name = Debug;
		};
		4B6DDE211E51B2A900986862 /* Release */ = {
			isa = XCBuildConfiguration;
			buildSettings = {
				ASSETCATALOG_COMPILER_APPICON_NAME = AppIcon;
				CODE_SIGN_IDENTITY = Availabel;
				"CODE_SIGN_IDENTITY[sdk=iphoneos*]" = "iPhone Developer";
				DEVELOPMENT_TEAM = TRJ8UUB67F;
				INFOPLIST_FILE = RSVedioRecorder/Info.plist;
				IPHONEOS_DEPLOYMENT_TARGET = 6.1;
				LD_RUNPATH_SEARCH_PATHS = "$(inherited) @executable_path/Frameworks";
				PRODUCT_BUNDLE_IDENTIFIER = com.spaceodigicom.instamemegram;
				PRODUCT_NAME = "$(TARGET_NAME)";
				PROVISIONING_PROFILE = "";
				PROVISIONING_PROFILE_SPECIFIER = "";
				VERSIONING_SYSTEM = "";
			};
			name = Release;
		};
		4B6DDE231E51B2A900986862 /* Debug */ = {
			isa = XCBuildConfiguration;
			buildSettings = {
				BUNDLE_LOADER = "$(TEST_HOST)";
				INFOPLIST_FILE = RSVedioRecorderTests/Info.plist;
				LD_RUNPATH_SEARCH_PATHS = "$(inherited) @executable_path/Frameworks @loader_path/Frameworks";
				PRODUCT_BUNDLE_IDENTIFIER = com.rahul.RSVedioRecorderTests;
				PRODUCT_NAME = "$(TARGET_NAME)";
				TEST_HOST = "$(BUILT_PRODUCTS_DIR)/RSVedioRecorder.app/RSVedioRecorder";
			};
			name = Debug;
		};
		4B6DDE241E51B2A900986862 /* Release */ = {
			isa = XCBuildConfiguration;
			buildSettings = {
				BUNDLE_LOADER = "$(TEST_HOST)";
				INFOPLIST_FILE = RSVedioRecorderTests/Info.plist;
				LD_RUNPATH_SEARCH_PATHS = "$(inherited) @executable_path/Frameworks @loader_path/Frameworks";
				PRODUCT_BUNDLE_IDENTIFIER = com.rahul.RSVedioRecorderTests;
				PRODUCT_NAME = "$(TARGET_NAME)";
				TEST_HOST = "$(BUILT_PRODUCTS_DIR)/RSVedioRecorder.app/RSVedioRecorder";
			};
			name = Release;
		};
		4B6DDE261E51B2A900986862 /* Debug */ = {
			isa = XCBuildConfiguration;
			buildSettings = {
				INFOPLIST_FILE = RSVedioRecorderUITests/Info.plist;
				LD_RUNPATH_SEARCH_PATHS = "$(inherited) @executable_path/Frameworks @loader_path/Frameworks";
				PRODUCT_BUNDLE_IDENTIFIER = com.rahul.RSVedioRecorderUITests;
				PRODUCT_NAME = "$(TARGET_NAME)";
				TEST_TARGET_NAME = RSVedioRecorder;
			};
			name = Debug;
		};
		4B6DDE271E51B2A900986862 /* Release */ = {
			isa = XCBuildConfiguration;
			buildSettings = {
				INFOPLIST_FILE = RSVedioRecorderUITests/Info.plist;
				LD_RUNPATH_SEARCH_PATHS = "$(inherited) @executable_path/Frameworks @loader_path/Frameworks";
				PRODUCT_BUNDLE_IDENTIFIER = com.rahul.RSVedioRecorderUITests;
				PRODUCT_NAME = "$(TARGET_NAME)";
				TEST_TARGET_NAME = RSVedioRecorder;
			};
			name = Release;
		};
/* End XCBuildConfiguration section */

/* Begin XCConfigurationList section */
		4B6DDDED1E51B2A800986862 /* Build configuration list for PBXProject "RSVedioRecorder" */ = {
			isa = XCConfigurationList;
			buildConfigurations = (
				4B6DDE1D1E51B2A900986862 /* Debug */,
				4B6DDE1E1E51B2A900986862 /* Release */,
			);
			defaultConfigurationIsVisible = 0;
			defaultConfigurationName = Release;
		};
		4B6DDE1F1E51B2A900986862 /* Build configuration list for PBXNativeTarget "RSVedioRecorder" */ = {
			isa = XCConfigurationList;
			buildConfigurations = (
				4B6DDE201E51B2A900986862 /* Debug */,
				4B6DDE211E51B2A900986862 /* Release */,
			);
			defaultConfigurationIsVisible = 0;
			defaultConfigurationName = Release;
		};
		4B6DDE221E51B2A900986862 /* Build configuration list for PBXNativeTarget "RSVedioRecorderTests" */ = {
			isa = XCConfigurationList;
			buildConfigurations = (
				4B6DDE231E51B2A900986862 /* Debug */,
				4B6DDE241E51B2A900986862 /* Release */,
			);
			defaultConfigurationIsVisible = 0;
			defaultConfigurationName = Release;
		};
		4B6DDE251E51B2A900986862 /* Build configuration list for PBXNativeTarget "RSVedioRecorderUITests" */ = {
			isa = XCConfigurationList;
			buildConfigurations = (
				4B6DDE261E51B2A900986862 /* Debug */,
				4B6DDE271E51B2A900986862 /* Release */,
			);
			defaultConfigurationIsVisible = 0;
			defaultConfigurationName = Release;
		};
/* End XCConfigurationList section */
	};
	rootObject = 4B6DDDEA1E51B2A800986862 /* Project object */;
}
